
Microsoft Visual Studio Solution File, Format Version 12.00
# Visual Studio 14
VisualStudioVersion = 14.0.25420.1
MinimumVisualStudioVersion = 10.0.40219.1
Project("{2150E333-8FDC-42A3-9474-1A3956D46DE8}") = "0 - Presentation", "0 - Presentation", "{09D4127A-F1A7-43C6-80F8-FF25D4947433}"
EndProject
Project("{2150E333-8FDC-42A3-9474-1A3956D46DE8}") = "1 - Services", "1 - Services", "{247499CF-CD6D-4749-9266-627991A0E697}"
EndProject
Project("{2150E333-8FDC-42A3-9474-1A3956D46DE8}") = "2 - Application", "2 - Application", "{95C7189B-D283-428B-B44D-44A0DC60764A}"
EndProject
Project("{2150E333-8FDC-42A3-9474-1A3956D46DE8}") = "3 - Domain", "3 - Domain", "{EC2ECAD4-2619-49E2-8F7C-9E9F3CBC523B}"
EndProject
Project("{2150E333-8FDC-42A3-9474-1A3956D46DE8}") = "4 - Infra", "4 - Infra", "{A2734E83-2D9C-4A89-B71D-68841989C8D8}"
EndProject
Project("{2150E333-8FDC-42A3-9474-1A3956D46DE8}") = "4.1 - Data", "4.1 - Data", "{F43E1609-944B-4027-99F6-CE3D9E82A6CE}"
EndProject
Project("{2150E333-8FDC-42A3-9474-1A3956D46DE8}") = "4.2  - CrossCutting", "4.2  - CrossCutting", "{DBA92552-47A1-458D-BFF3-B6EC7A384138}"
EndProject
Project("{FAE04EC0-301F-11D3-BF4B-00C04F79EFBC}") = "iMusicaCorp.MVC", "iMusicaCorp.MVC\iMusicaCorp.MVC.csproj", "{676AAE25-E0FB-4414-970D-F824B724980B}"
EndProject
Project("{FAE04EC0-301F-11D3-BF4B-00C04F79EFBC}") = "iMusicaCorp.Domain", "iMusicaCorp.Domain\iMusicaCorp.Domain.csproj", "{EA273E95-878A-4B1F-BE51-D6D6EA3FA168}"
EndProject
Project("{FAE04EC0-301F-11D3-BF4B-00C04F79EFBC}") = "iMusicaCorp.Infra.Data", "iMusicaCorp.Infra.Data\iMusicaCorp.Infra.Data.csproj", "{BBDB857B-8C7A-42A4-A064-C8C958B2A8AF}"
EndProject
Project("{FAE04EC0-301F-11D3-BF4B-00C04F79EFBC}") = "iMusicaCorp.Application", "iMusicaCorp.Application\iMusicaCorp.Application.csproj", "{F76B39AD-89C8-45E7-B8EF-293F895C3F6D}"
EndProject
Project("{FAE04EC0-301F-11D3-BF4B-00C04F79EFBC}") = "iMusicaCorp.Infra.CrossCutting.Enum", "iMusicaCorp.Infra.CrossCutting.Enum\iMusicaCorp.Infra.CrossCutting.Enum.csproj", "{9D28B858-AB75-4331-BA49-99549A7A8F59}"
EndProject
Project("{FAE04EC0-301F-11D3-BF4B-00C04F79EFBC}") = "iMusicaCorp.Infra.CrossCutting.IoC", "iMusicaCorp.Infra.CrossCutting.IoC\iMusicaCorp.Infra.CrossCutting.IoC.csproj", "{28D41927-6F4F-4C42-B443-A589C59AE3E9}"
EndProject
Project("{2150E333-8FDC-42A3-9474-1A3956D46DE8}") = ".nuget", ".nuget", "{4FF31712-819E-4A4F-866C-338705D4611C}"
	ProjectSection(SolutionItems) = preProject
		.nuget\NuGet.Config = .nuget\NuGet.Config
		.nuget\NuGet.exe = .nuget\NuGet.exe
		.nuget\NuGet.targets = .nuget\NuGet.targets
	EndProjectSection
EndProject
Project("{FAE04EC0-301F-11D3-BF4B-00C04F79EFBC}") = "iMusicaCorp.Infra.CrossCutting.DataTransferObject", "iMusicaCorp.Infra.CrossCutting.DataTransferObject\iMusicaCorp.Infra.CrossCutting.DataTransferObject.csproj", "{D561771F-3068-40FF-A0B0-9223908A86F2}"
EndProject
Global
	GlobalSection(SolutionConfigurationPlatforms) = preSolution
		Debug|Any CPU = Debug|Any CPU
		Release|Any CPU = Release|Any CPU
	EndGlobalSection
	GlobalSection(ProjectConfigurationPlatforms) = postSolution
		{676AAE25-E0FB-4414-970D-F824B724980B}.Debug|Any CPU.ActiveCfg = Debug|Any CPU
		{676AAE25-E0FB-4414-970D-F824B724980B}.Debug|Any CPU.Build.0 = Debug|Any CPU
		{676AAE25-E0FB-4414-970D-F824B724980B}.Release|Any CPU.ActiveCfg = Release|Any CPU
		{676AAE25-E0FB-4414-970D-F824B724980B}.Release|Any CPU.Build.0 = Release|Any CPU
		{EA273E95-878A-4B1F-BE51-D6D6EA3FA168}.Debug|Any CPU.ActiveCfg = Debug|Any CPU
		{EA273E95-878A-4B1F-BE51-D6D6EA3FA168}.Debug|Any CPU.Build.0 = Debug|Any CPU
		{EA273E95-878A-4B1F-BE51-D6D6EA3FA168}.Release|Any CPU.ActiveCfg = Release|Any CPU
		{EA273E95-878A-4B1F-BE51-D6D6EA3FA168}.Release|Any CPU.Build.0 = Release|Any CPU
		{BBDB857B-8C7A-42A4-A064-C8C958B2A8AF}.Debug|Any CPU.ActiveCfg = Debug|Any CPU
		{BBDB857B-8C7A-42A4-A064-C8C958B2A8AF}.Debug|Any CPU.Build.0 = Debug|Any CPU
		{BBDB857B-8C7A-42A4-A064-C8C958B2A8AF}.Release|Any CPU.ActiveCfg = Release|Any CPU
		{BBDB857B-8C7A-42A4-A064-C8C958B2A8AF}.Release|Any CPU.Build.0 = Release|Any CPU
		{F76B39AD-89C8-45E7-B8EF-293F895C3F6D}.Debug|Any CPU.ActiveCfg = Debug|Any CPU
		{F76B39AD-89C8-45E7-B8EF-293F895C3F6D}.Debug|Any CPU.Build.0 = Debug|Any CPU
		{F76B39AD-89C8-45E7-B8EF-293F895C3F6D}.Release|Any CPU.ActiveCfg = Release|Any CPU
		{F76B39AD-89C8-45E7-B8EF-293F895C3F6D}.Release|Any CPU.Build.0 = Release|Any CPU
		{9D28B858-AB75-4331-BA49-99549A7A8F59}.Debug|Any CPU.ActiveCfg = Debug|Any CPU
		{9D28B858-AB75-4331-BA49-99549A7A8F59}.Debug|Any CPU.Build.0 = Debug|Any CPU
		{9D28B858-AB75-4331-BA49-99549A7A8F59}.Release|Any CPU.ActiveCfg = Release|Any CPU
		{9D28B858-AB75-4331-BA49-99549A7A8F59}.Release|Any CPU.Build.0 = Release|Any CPU
		{28D41927-6F4F-4C42-B443-A589C59AE3E9}.Debug|Any CPU.ActiveCfg = Debug|Any CPU
		{28D41927-6F4F-4C42-B443-A589C59AE3E9}.Debug|Any CPU.Build.0 = Debug|Any CPU
		{28D41927-6F4F-4C42-B443-A589C59AE3E9}.Release|Any CPU.ActiveCfg = Release|Any CPU
		{28D41927-6F4F-4C42-B443-A589C59AE3E9}.Release|Any CPU.Build.0 = Release|Any CPU
		{D561771F-3068-40FF-A0B0-9223908A86F2}.Debug|Any CPU.ActiveCfg = Debug|Any CPU
		{D561771F-3068-40FF-A0B0-9223908A86F2}.Debug|Any CPU.Build.0 = Debug|Any CPU
		{D561771F-3068-40FF-A0B0-9223908A86F2}.Release|Any CPU.ActiveCfg = Release|Any CPU
		{D561771F-3068-40FF-A0B0-9223908A86F2}.Release|Any CPU.Build.0 = Release|Any CPU
	EndGlobalSection
	GlobalSection(SolutionProperties) = preSolution
		HideSolutionNode = FALSE
	EndGlobalSection
	GlobalSection(NestedProjects) = preSolution
		{F43E1609-944B-4027-99F6-CE3D9E82A6CE} = {A2734E83-2D9C-4A89-B71D-68841989C8D8}
		{DBA92552-47A1-458D-BFF3-B6EC7A384138} = {A2734E83-2D9C-4A89-B71D-68841989C8D8}
		{676AAE25-E0FB-4414-970D-F824B724980B} = {09D4127A-F1A7-43C6-80F8-FF25D4947433}
		{EA273E95-878A-4B1F-BE51-D6D6EA3FA168} = {EC2ECAD4-2619-49E2-8F7C-9E9F3CBC523B}
		{BBDB857B-8C7A-42A4-A064-C8C958B2A8AF} = {F43E1609-944B-4027-99F6-CE3D9E82A6CE}
		{F76B39AD-89C8-45E7-B8EF-293F895C3F6D} = {95C7189B-D283-428B-B44D-44A0DC60764A}
		{9D28B858-AB75-4331-BA49-99549A7A8F59} = {DBA92552-47A1-458D-BFF3-B6EC7A384138}
		{28D41927-6F4F-4C42-B443-A589C59AE3E9} = {DBA92552-47A1-458D-BFF3-B6EC7A384138}
		{D561771F-3068-40FF-A0B0-9223908A86F2} = {DBA92552-47A1-458D-BFF3-B6EC7A384138}
	EndGlobalSection
EndGlobal
